
Microsoft Visual Studio Solution File, Format Version 12.00
# Visual Studio Version 16
VisualStudioVersion = 16.0.32428.217
MinimumVisualStudioVersion = 10.0.40219.1
Project("{8BC9CEB8-8B4A-11D0-8D11-00A0C91BC942}") = "TcpServerForOneClient", "TcpServerForOneClient\TcpServerForOneClient.vcxproj", "{A6B3C687-AF70-457F-AE29-FB5CD13AEE1D}"
EndProject
Project("{8BC9CEB8-8B4A-11D0-8D11-00A0C91BC942}") = "TcpClient", "TcpClient\TcpClient.vcxproj", "{B4CB4437-77BC-42BF-9137-53B8F86AE516}"
EndProject
Project("{8BC9CEB8-8B4A-11D0-8D11-00A0C91BC942}") = "TcpServerForManyClients", "TcpServerForManyClients\TcpServerForManyClients.vcxproj", "{29F9A1B1-0128-4D7B-9F9D-CC61DD41257B}"
EndProject
Project("{8BC9CEB8-8B4A-11D0-8D11-00A0C91BC942}") = "UdpServer", "UdpServer\UdpServer.vcxproj", "{F5DF61AD-ED3C-4D43-B11D-91BB1FCB6F5A}"
EndProject
Project("{8BC9CEB8-8B4A-11D0-8D11-00A0C91BC942}") = "UdpClient", "UdpClient\UdpClient.vcxproj", "{5A60D3DA-1AD3-4B51-AB5C-AC97C7E83EEB}"
EndProject
Project("{8BC9CEB8-8B4A-11D0-8D11-00A0C91BC942}") = "BroadcastServer", "BroadcastServer\BroadcastServer.vcxproj", "{6666CE0E-1EA4-4147-8951-75111910CC40}"
EndProject
Project("{8BC9CEB8-8B4A-11D0-8D11-00A0C91BC942}") = "BroadcastClient", "BroadcastClient\BroadcastClient.vcxproj", "{620B3AD0-04B2-493B-83C3-933C8239934C}"
EndProject
Global
	GlobalSection(SolutionConfigurationPlatforms) = preSolution
		Debug|x64 = Debug|x64
		Debug|x86 = Debug|x86
		Release|x64 = Release|x64
		Release|x86 = Release|x86
	EndGlobalSection
	GlobalSection(ProjectConfigurationPlatforms) = postSolution
		{A6B3C687-AF70-457F-AE29-FB5CD13AEE1D}.Debug|x64.ActiveCfg = Debug|x64
		{A6B3C687-AF70-457F-AE29-FB5CD13AEE1D}.Debug|x64.Build.0 = Debug|x64
		{A6B3C687-AF70-457F-AE29-FB5CD13AEE1D}.Debug|x86.ActiveCfg = Debug|Win32
		{A6B3C687-AF70-457F-AE29-FB5CD13AEE1D}.Debug|x86.Build.0 = Debug|Win32
		{A6B3C687-AF70-457F-AE29-FB5CD13AEE1D}.Release|x64.ActiveCfg = Release|x64
		{A6B3C687-AF70-457F-AE29-FB5CD13AEE1D}.Release|x64.Build.0 = Release|x64
		{A6B3C687-AF70-457F-AE29-FB5CD13AEE1D}.Release|x86.ActiveCfg = Release|Win32
		{A6B3C687-AF70-457F-AE29-FB5CD13AEE1D}.Release|x86.Build.0 = Release|Win32
		{B4CB4437-77BC-42BF-9137-53B8F86AE516}.Debug|x64.ActiveCfg = Debug|x64
		{B4CB4437-77BC-42BF-9137-53B8F86AE516}.Debug|x64.Build.0 = Debug|x64
		{B4CB4437-77BC-42BF-9137-53B8F86AE516}.Debug|x86.ActiveCfg = Debug|Win32
		{B4CB4437-77BC-42BF-9137-53B8F86AE516}.Debug|x86.Build.0 = Debug|Win32
		{B4CB4437-77BC-42BF-9137-53B8F86AE516}.Release|x64.ActiveCfg = Release|x64
		{B4CB4437-77BC-42BF-9137-53B8F86AE516}.Release|x64.Build.0 = Release|x64
		{B4CB4437-77BC-42BF-9137-53B8F86AE516}.Release|x86.ActiveCfg = Release|Win32
		{B4CB4437-77BC-42BF-9137-53B8F86AE516}.Release|x86.Build.0 = Release|Win32
		{29F9A1B1-0128-4D7B-9F9D-CC61DD41257B}.Debug|x64.ActiveCfg = Debug|x64
		{29F9A1B1-0128-4D7B-9F9D-CC61DD41257B}.Debug|x64.Build.0 = Debug|x64
		{29F9A1B1-0128-4D7B-9F9D-CC61DD41257B}.Debug|x86.ActiveCfg = Debug|Win32
		{29F9A1B1-0128-4D7B-9F9D-CC61DD41257B}.Debug|x86.Build.0 = Debug|Win32
		{29F9A1B1-0128-4D7B-9F9D-CC61DD41257B}.Release|x64.ActiveCfg = Release|x64
		{29F9A1B1-0128-4D7B-9F9D-CC61DD41257B}.Release|x64.Build.0 = Release|x64
		{29F9A1B1-0128-4D7B-9F9D-CC61DD41257B}.Release|x86.ActiveCfg = Release|Win32
		{29F9A1B1-0128-4D7B-9F9D-CC61DD41257B}.Release|x86.Build.0 = Release|Win32
		{F5DF61AD-ED3C-4D43-B11D-91BB1FCB6F5A}.Debug|x64.ActiveCfg = Debug|x64
		{F5DF61AD-ED3C-4D43-B11D-91BB1FCB6F5A}.Debug|x64.Build.0 = Debug|x64
		{F5DF61AD-ED3C-4D43-B11D-91BB1FCB6F5A}.Debug|x86.ActiveCfg = Debug|Win32
		{F5DF61AD-ED3C-4D43-B11D-91BB1FCB6F5A}.Debug|x86.Build.0 = Debug|Win32
		{F5DF61AD-ED3C-4D43-B11D-91BB1FCB6F5A}.Release|x64.ActiveCfg = Release|x64
		{F5DF61AD-ED3C-4D43-B11D-91BB1FCB6F5A}.Release|x64.Build.0 = Release|x64
		{F5DF61AD-ED3C-4D43-B11D-91BB1FCB6F5A}.Release|x86.ActiveCfg = Release|Win32
		{F5DF61AD-ED3C-4D43-B11D-91BB1FCB6F5A}.Release|x86.Build.0 = Release|Win32
		{5A60D3DA-1AD3-4B51-AB5C-AC97C7E83EEB}.Debug|x64.ActiveCfg = Debug|x64
		{5A60D3DA-1AD3-4B51-AB5C-AC97C7E83EEB}.Debug|x64.Build.0 = Debug|x64
		{5A60D3DA-1AD3-4B51-AB5C-AC97C7E83EEB}.Debug|x86.ActiveCfg = Debug|Win32
		{5A60D3DA-1AD3-4B51-AB5C-AC97C7E83EEB}.Debug|x86.Build.0 = Debug|Win32
		{5A60D3DA-1AD3-4B51-AB5C-AC97C7E83EEB}.Release|x64.ActiveCfg = Release|x64
		{5A60D3DA-1AD3-4B51-AB5C-AC97C7E83EEB}.Release|x64.Build.0 = Release|x64
		{5A60D3DA-1AD3-4B51-AB5C-AC97C7E83EEB}.Release|x86.ActiveCfg = Release|Win32
		{5A60D3DA-1AD3-4B51-AB5C-AC97C7E83EEB}.Release|x86.Build.0 = Release|Win32
		{6666CE0E-1EA4-4147-8951-75111910CC40}.Debug|x64.ActiveCfg = Debug|x64
		{6666CE0E-1EA4-4147-8951-75111910CC40}.Debug|x64.Build.0 = Debug|x64
		{6666CE0E-1EA4-4147-8951-75111910CC40}.Debug|x86.ActiveCfg = Debug|Win32
		{6666CE0E-1EA4-4147-8951-75111910CC40}.Debug|x86.Build.0 = Debug|Win32
		{6666CE0E-1EA4-4147-8951-75111910CC40}.Release|x64.ActiveCfg = Release|x64
		{6666CE0E-1EA4-4147-8951-75111910CC40}.Release|x64.Build.0 = Release|x64
		{6666CE0E-1EA4-4147-8951-75111910CC40}.Release|x86.ActiveCfg = Release|Win32
		{6666CE0E-1EA4-4147-8951-75111910CC40}.Release|x86.Build.0 = Release|Win32
		{620B3AD0-04B2-493B-83C3-933C8239934C}.Debug|x64.ActiveCfg = Debug|x64
		{620B3AD0-04B2-493B-83C3-933C8239934C}.Debug|x64.Build.0 = Debug|x64
		{620B3AD0-04B2-493B-83C3-933C8239934C}.Debug|x86.ActiveCfg = Debug|Win32
		{620B3AD0-04B2-493B-83C3-933C8239934C}.Debug|x86.Build.0 = Debug|Win32
		{620B3AD0-04B2-493B-83C3-933C8239934C}.Release|x64.ActiveCfg = Release|x64
		{620B3AD0-04B2-493B-83C3-933C8239934C}.Release|x64.Build.0 = Release|x64
		{620B3AD0-04B2-493B-83C3-933C8239934C}.Release|x86.ActiveCfg = Release|Win32
		{620B3AD0-04B2-493B-83C3-933C8239934C}.Release|x86.Build.0 = Release|Win32
	EndGlobalSection
	GlobalSection(SolutionProperties) = preSolution
		HideSolutionNode = FALSE
	EndGlobalSection
	GlobalSection(ExtensibilityGlobals) = postSolution
		SolutionGuid = {79058EEF-1236-4E8F-BE87-79CE1FB891B6}
	EndGlobalSection
EndGlobal
